
Microsoft Visual Studio Solution File, Format Version 12.00
# Visual Studio Version 17
VisualStudioVersion = 17.4.33213.308
MinimumVisualStudioVersion = 10.0.40219.1
Project("{9A19103F-16F7-4668-BE54-9A1E7A4F7556}") = "WebAPILibros", "WebAPILibros\WebAPILibros.csproj", "{4BD6CF49-252C-4B7C-9F64-015C30A23DAB}"
EndProject
Project("{9A19103F-16F7-4668-BE54-9A1E7A4F7556}") = "WebAPIClinica", "WebAPIClinica\WebAPIClinica.csproj", "{003B9653-FB41-4E97-8325-58B3369BC51E}"
EndProject
Global
	GlobalSection(SolutionConfigurationPlatforms) = preSolution
		Debug|Any CPU = Debug|Any CPU
		Release|Any CPU = Release|Any CPU
	EndGlobalSection
	GlobalSection(ProjectConfigurationPlatforms) = postSolution
		{4BD6CF49-252C-4B7C-9F64-015C30A23DAB}.Debug|Any CPU.ActiveCfg = Debug|Any CPU
		{4BD6CF49-252C-4B7C-9F64-015C30A23DAB}.Debug|Any CPU.Build.0 = Debug|Any CPU
		{4BD6CF49-252C-4B7C-9F64-015C30A23DAB}.Release|Any CPU.ActiveCfg = Release|Any CPU
		{4BD6CF49-252C-4B7C-9F64-015C30A23DAB}.Release|Any CPU.Build.0 = Release|Any CPU
		{003B9653-FB41-4E97-8325-58B3369BC51E}.Debug|Any CPU.ActiveCfg = Debug|Any CPU
		{003B9653-FB41-4E97-8325-58B3369BC51E}.Debug|Any CPU.Build.0 = Debug|Any CPU
		{003B9653-FB41-4E97-8325-58B3369BC51E}.Release|Any CPU.ActiveCfg = Release|Any CPU
		{003B9653-FB41-4E97-8325-58B3369BC51E}.Release|Any CPU.Build.0 = Release|Any CPU
	EndGlobalSection
	GlobalSection(SolutionProperties) = preSolution
		HideSolutionNode = FALSE
	EndGlobalSection
	GlobalSection(ExtensibilityGlobals) = postSolution
		SolutionGuid = {AD3DAD02-603D-435B-BB09-DA2B5F61971E}
	EndGlobalSection
EndGlobal
